<?xml version="1.0" encoding="utf-8"?>
<Project ToolsVersion="4.0" xmlns="http://schemas.microsoft.com/developer/msbuild/2003">
  <ItemGroup>
    <Filter Include="소스 파일">
      <UniqueIdentifier>{4FC737F1-C7A5-4376-A066-2A32D752A2FF}</UniqueIdentifier>
      <Extensions>cpp;c;cc;cxx;c++;cppm;ixx;def;odl;idl;hpj;bat;asm;asmx</Extensions>
    </Filter>
    <Filter Include="헤더 파일">
      <UniqueIdentifier>{93995380-89BD-4b04-88EB-625FBE52EBFB}</UniqueIdentifier>
      <Extensions>h;hh;hpp;hxx;h++;hm;inl;inc;ipp;xsd</Extensions>
    </Filter>
    <Filter Include="리소스 파일">
      <UniqueIdentifier>{67DA6AB6-F800-4c08-8B7A-83BB121AAD01}</UniqueIdentifier>
      <Extensions>rc;ico;cur;bmp;dlg;rc2;rct;bin;rgs;gif;jpg;jpeg;jpe;resx;tiff;tif;png;wav;mfcribbon-ms</Extensions>
    </Filter>
    <Filter Include="소스 파일\Graphics">
      <UniqueIdentifier>{502e97d8-63c9-4904-80bb-7d4db9cecc57}</UniqueIdentifier>
    </Filter>
    <Filter Include="소스 파일\Object">
      <UniqueIdentifier>{ed964695-54a8-4e7b-9895-f6b9b74e9f39}</UniqueIdentifier>
    </Filter>
    <Filter Include="소스 파일\Util">
      <UniqueIdentifier>{2d76ad9f-bdc0-4a95-80c0-e3d5761fb716}</UniqueIdentifier>
    </Filter>
    <Filter Include="헤더 파일\Graphics">
      <UniqueIdentifier>{02ab420b-7069-4f4a-aeef-ff716d4d977b}</UniqueIdentifier>
    </Filter>
    <Filter Include="헤더 파일\Object">
      <UniqueIdentifier>{637c9f73-0580-483c-8a1e-f691559583a6}</UniqueIdentifier>
    </Filter>
    <Filter Include="소스 파일\main">
      <UniqueIdentifier>{abf36396-bbce-4faf-bc2b-80f729233ebb}</UniqueIdentifier>
    </Filter>
    <Filter Include="헤더 파일\Model">
      <UniqueIdentifier>{2a5e89ce-860b-4dfd-9be9-cfa575343f13}</UniqueIdentifier>
    </Filter>
    <Filter Include="소스 파일\Model">
      <UniqueIdentifier>{95ff48c8-e6e8-42bc-b65b-ebd8ebae62a3}</UniqueIdentifier>
    </Filter>
    <Filter Include="헤더 파일\Util">
      <UniqueIdentifier>{03d96898-5485-4d45-a1d6-253a2fd440ad}</UniqueIdentifier>
    </Filter>
  </ItemGroup>
  <ItemGroup>
    <ClCompile Include="pch.cpp">
      <Filter>소스 파일\Util</Filter>
    </ClCompile>
    <ClCompile Include="main.cpp">
      <Filter>소스 파일\main</Filter>
    </ClCompile>
    <ClCompile Include="Util\callbacks.cpp">
      <Filter>소스 파일\Util</Filter>
    </ClCompile>
    <ClCompile Include="Util\Engine.cpp">
      <Filter>소스 파일\Util</Filter>
    </ClCompile>
    <ClCompile Include="Util\Timer.cpp">
      <Filter>소스 파일\Util</Filter>
    </ClCompile>
    <ClCompile Include="Graphics\Camera.cpp">
      <Filter>소스 파일\Graphics</Filter>
    </ClCompile>
    <ClCompile Include="Graphics\Graphic.cpp">
      <Filter>소스 파일\Graphics</Filter>
    </ClCompile>
    <ClCompile Include="Graphics\GraphicBuffers.cpp">
      <Filter>소스 파일\Graphics</Filter>
    </ClCompile>
    <ClCompile Include="Graphics\Shader.cpp">
      <Filter>소스 파일\Graphics</Filter>
    </ClCompile>
    <ClCompile Include="Model\Model.cpp">
      <Filter>소스 파일\Model</Filter>
    </ClCompile>
    <ClCompile Include="Model\ModelList.cpp">
      <Filter>소스 파일\Model</Filter>
    </ClCompile>
    <ClCompile Include="Object\Object.cpp">
      <Filter>소스 파일\Object</Filter>
    </ClCompile>
    <ClCompile Include="Object\Cube.cpp">
      <Filter>소스 파일\Object</Filter>
    </ClCompile>
    <ClCompile Include="Object\LightObject.cpp">
      <Filter>소스 파일\Object</Filter>
    </ClCompile>
  </ItemGroup>
  <ItemGroup>
    <ClInclude Include="pch.h">
      <Filter>헤더 파일\Util</Filter>
    </ClInclude>
    <ClInclude Include="Util\callbacks.h">
      <Filter>헤더 파일\Util</Filter>
    </ClInclude>
    <ClInclude Include="Util\Engine.h">
      <Filter>헤더 파일\Util</Filter>
    </ClInclude>
    <ClInclude Include="Util\Timer.h">
      <Filter>헤더 파일\Util</Filter>
    </ClInclude>
    <ClInclude Include="Graphics\Camera.h">
      <Filter>헤더 파일\Graphics</Filter>
    </ClInclude>
    <ClInclude Include="Graphics\Graphic.h">
      <Filter>헤더 파일\Graphics</Filter>
    </ClInclude>
    <ClInclude Include="Graphics\GraphicBuffers.h">
      <Filter>헤더 파일\Graphics</Filter>
    </ClInclude>
    <ClInclude Include="Graphics\Shader.h">
      <Filter>헤더 파일\Graphics</Filter>
    </ClInclude>
    <ClInclude Include="Model\ModelList.h">
      <Filter>헤더 파일\Model</Filter>
    </ClInclude>
    <ClInclude Include="Model\Model.h">
      <Filter>헤더 파일\Model</Filter>
    </ClInclude>
    <ClInclude Include="Object\Object.h">
      <Filter>헤더 파일\Object</Filter>
    </ClInclude>
    <ClInclude Include="Object\Cube.h">
      <Filter>헤더 파일\Object</Filter>
    </ClInclude>
    <ClInclude Include="Object\LightObject.h">
      <Filter>헤더 파일\Object</Filter>
    </ClInclude>
  </ItemGroup>
  <ItemGroup>
    <None Include="Shader\fragment_shader.glsl">
      <Filter>리소스 파일</Filter>
    </None>
    <None Include="Shader\vertex_shader.glsl">
      <Filter>리소스 파일</Filter>
    </None>
    <None Include="light_object_fshader.glsl">
      <Filter>리소스 파일</Filter>
    </None>
    <None Include="Shader\light_object_vshader.glsl">
      <Filter>리소스 파일</Filter>
    </None>
  </ItemGroup>
</Project>